
Microsoft Visual Studio Solution File, Format Version 12.00
# Visual Studio Version 17
VisualStudioVersion = 17.8.34511.84
MinimumVisualStudioVersion = 10.0.40219.1
Project("{C9674DCB-5085-4A16-B785-4C70DD1589BD}") = "Integration_HigherEducationDB", "Integration_HigherEducationDB\Integration_HigherEducationDB.dtproj", "{799C75E9-4182-4D8E-A7A4-18ED9EC914AE}"
EndProject
Global
	GlobalSection(SolutionConfigurationPlatforms) = preSolution
		Development|Default = Development|Default
	EndGlobalSection
	GlobalSection(ProjectConfigurationPlatforms) = postSolution
		{799C75E9-4182-4D8E-A7A4-18ED9EC914AE}.Development|Default.ActiveCfg = Development
		{799C75E9-4182-4D8E-A7A4-18ED9EC914AE}.Development|Default.Build.0 = Development
	EndGlobalSection
	GlobalSection(SolutionProperties) = preSolution
		HideSolutionNode = FALSE
	EndGlobalSection
	GlobalSection(ExtensibilityGlobals) = postSolution
		SolutionGuid = {B04E43AD-7145-48D5-AB16-EB960F4710F3}
	EndGlobalSection
EndGlobal
